// !$*UTF8*$!
{
	archiveVersion = 1;
	classes = {
	};
	objectVersion = 56;
	objects = {

/* Begin PBXBuildFile section */
		2087DEAF297424A300AE9DE7 /* AppDelegate.swift in Sources */ = {isa = PBXBuildFile; fileRef = 2087DEAE297424A300AE9DE7 /* AppDelegate.swift */; };
		2087DEB1297424A300AE9DE7 /* SceneDelegate.swift in Sources */ = {isa = PBXBuildFile; fileRef = 2087DEB0297424A300AE9DE7 /* SceneDelegate.swift */; };
		2087DEB3297424A300AE9DE7 /* ViewController.swift in Sources */ = {isa = PBXBuildFile; fileRef = 2087DEB2297424A300AE9DE7 /* ViewController.swift */; };
		2087DEB6297424A300AE9DE7 /* Main.storyboard in Resources */ = {isa = PBXBuildFile; fileRef = 2087DEB4297424A300AE9DE7 /* Main.storyboard */; };
		2087DEB8297424A600AE9DE7 /* Assets.xcassets in Resources */ = {isa = PBXBuildFile; fileRef = 2087DEB7297424A600AE9DE7 /* Assets.xcassets */; };
		2087DEBB297424A600AE9DE7 /* LaunchScreen.storyboard in Resources */ = {isa = PBXBuildFile; fileRef = 2087DEB9297424A600AE9DE7 /* LaunchScreen.storyboard */; };
		2087DEC6297424A700AE9DE7 /* SayiTahminUygTests.swift in Sources */ = {isa = PBXBuildFile; fileRef = 2087DEC5297424A700AE9DE7 /* SayiTahminUygTests.swift */; };
		2087DED0297424A700AE9DE7 /* SayiTahminUygUITests.swift in Sources */ = {isa = PBXBuildFile; fileRef = 2087DECF297424A700AE9DE7 /* SayiTahminUygUITests.swift */; };
		2087DED2297424A700AE9DE7 /* SayiTahminUygUITestsLaunchTests.swift in Sources */ = {isa = PBXBuildFile; fileRef = 2087DED1297424A700AE9DE7 /* SayiTahminUygUITestsLaunchTests.swift */; };
		2087DEDF2974251F00AE9DE7 /* TahminEkraniVC.swift in Sources */ = {isa = PBXBuildFile; fileRef = 2087DEDE2974251F00AE9DE7 /* TahminEkraniVC.swift */; };
		2087DEE12974253800AE9DE7 /* SonucEkraniVC.swift in Sources */ = {isa = PBXBuildFile; fileRef = 2087DEE02974253800AE9DE7 /* SonucEkraniVC.swift */; };
/* End PBXBuildFile section */

/* Begin PBXContainerItemProxy section */
		2087DEC2297424A700AE9DE7 /* PBXContainerItemProxy */ = {
			isa = PBXContainerItemProxy;
			containerPortal = 2087DEA3297424A300AE9DE7 /* Project object */;
			proxyType = 1;
			remoteGlobalIDString = 2087DEAA297424A300AE9DE7;
			remoteInfo = SayiTahminUyg;
		};
		2087DECC297424A700AE9DE7 /* PBXContainerItemProxy */ = {
			isa = PBXContainerItemProxy;
			containerPortal = 2087DEA3297424A300AE9DE7 /* Project object */;
			proxyType = 1;
			remoteGlobalIDString = 2087DEAA297424A300AE9DE7;
			remoteInfo = SayiTahminUyg;
		};
/* End PBXContainerItemProxy section */

/* Begin PBXFileReference section */
		2087DEAB297424A300AE9DE7 /* SayiTahminUyg.app */ = {isa = PBXFileReference; explicitFileType = wrapper.application; includeInIndex = 0; path = SayiTahminUyg.app; sourceTree = BUILT_PRODUCTS_DIR; };
		2087DEAE297424A300AE9DE7 /* AppDelegate.swift */ = {isa = PBXFileReference; lastKnownFileType = sourcecode.swift; path = AppDelegate.swift; sourceTree = "<group>"; };
		2087DEB0297424A300AE9DE7 /* SceneDelegate.swift */ = {isa = PBXFileReference; lastKnownFileType = sourcecode.swift; path = SceneDelegate.swift; sourceTree = "<group>"; };
		2087DEB2297424A300AE9DE7 /* ViewController.swift */ = {isa = PBXFileReference; lastKnownFileType = sourcecode.swift; path = ViewController.swift; sourceTree = "<group>"; };
		2087DEB5297424A300AE9DE7 /* Base */ = {isa = PBXFileReference; lastKnownFileType = file.storyboard; name = Base; path = Base.lproj/Main.storyboard; sourceTree = "<group>"; };
		2087DEB7297424A600AE9DE7 /* Assets.xcassets */ = {isa = PBXFileReference; lastKnownFileType = folder.assetcatalog; path = Assets.xcassets; sourceTree = "<group>"; };
		2087DEBA297424A600AE9DE7 /* Base */ = {isa = PBXFileReference; lastKnownFileType = file.storyboard; name = Base; path = Base.lproj/LaunchScreen.storyboard; sourceTree = "<group>"; };
		2087DEBC297424A600AE9DE7 /* Info.plist */ = {isa = PBXFileReference; lastKnownFileType = text.plist.xml; path = Info.plist; sourceTree = "<group>"; };
		2087DEC1297424A700AE9DE7 /* SayiTahminUygTests.xctest */ = {isa = PBXFileReference; explicitFileType = wrapper.cfbundle; includeInIndex = 0; path = SayiTahminUygTests.xctest; sourceTree = BUILT_PRODUCTS_DIR; };
		2087DEC5297424A700AE9DE7 /* SayiTahminUygTests.swift */ = {isa = PBXFileReference; lastKnownFileType = sourcecode.swift; path = SayiTahminUygTests.swift; sourceTree = "<group>"; };
		2087DECB297424A700AE9DE7 /* SayiTahminUygUITests.xctest */ = {isa = PBXFileReference; explicitFileType = wrapper.cfbundle; includeInIndex = 0; path = SayiTahminUygUITests.xctest; sourceTree = BUILT_PRODUCTS_DIR; };
		2087DECF297424A700AE9DE7 /* SayiTahminUygUITests.swift */ = {isa = PBXFileReference; lastKnownFileType = sourcecode.swift; path = SayiTahminUygUITests.swift; sourceTree = "<group>"; };
		2087DED1297424A700AE9DE7 /* SayiTahminUygUITestsLaunchTests.swift */ = {isa = PBXFileReference; lastKnownFileType = sourcecode.swift; path = SayiTahminUygUITestsLaunchTests.swift; sourceTree = "<group>"; };
		2087DEDE2974251F00AE9DE7 /* TahminEkraniVC.swift */ = {isa = PBXFileReference; lastKnownFileType = sourcecode.swift; path = TahminEkraniVC.swift; sourceTree = "<group>"; };
		2087DEE02974253800AE9DE7 /* SonucEkraniVC.swift */ = {isa = PBXFileReference; lastKnownFileType = sourcecode.swift; path = SonucEkraniVC.swift; sourceTree = "<group>"; };
/* End PBXFileReference section */

/* Begin PBXFrameworksBuildPhase section */
		2087DEA8297424A300AE9DE7 /* Frameworks */ = {
			isa = PBXFrameworksBuildPhase;
			buildActionMask = 2147483647;
			files = (
			);
			runOnlyForDeploymentPostprocessing = 0;
		};
		2087DEBE297424A700AE9DE7 /* Frameworks */ = {
			isa = PBXFrameworksBuildPhase;
			buildActionMask = 2147483647;
			files = (
			);
			runOnlyForDeploymentPostprocessing = 0;
		};
		2087DEC8297424A700AE9DE7 /* Frameworks */ = {
			isa = PBXFrameworksBuildPhase;
			buildActionMask = 2147483647;
			files = (
			);
			runOnlyForDeploymentPostprocessing = 0;
		};
/* End PBXFrameworksBuildPhase section */

/* Begin PBXGroup section */
		2087DEA2297424A300AE9DE7 = {
			isa = PBXGroup;
			children = (
				2087DEAD297424A300AE9DE7 /* SayiTahminUyg */,
				2087DEC4297424A700AE9DE7 /* SayiTahminUygTests */,
				2087DECE297424A700AE9DE7 /* SayiTahminUygUITests */,
				2087DEAC297424A300AE9DE7 /* Products */,
			);
			sourceTree = "<group>";
		};
		2087DEAC297424A300AE9DE7 /* Products */ = {
			isa = PBXGroup;
			children = (
				2087DEAB297424A300AE9DE7 /* SayiTahminUyg.app */,
				2087DEC1297424A700AE9DE7 /* SayiTahminUygTests.xctest */,
				2087DECB297424A700AE9DE7 /* SayiTahminUygUITests.xctest */,
			);
			name = Products;
			sourceTree = "<group>";
		};
		2087DEAD297424A300AE9DE7 /* SayiTahminUyg */ = {
			isa = PBXGroup;
			children = (
				2087DEAE297424A300AE9DE7 /* AppDelegate.swift */,
				2087DEB0297424A300AE9DE7 /* SceneDelegate.swift */,
				2087DEB2297424A300AE9DE7 /* ViewController.swift */,
				2087DEB4297424A300AE9DE7 /* Main.storyboard */,
				2087DEB7297424A600AE9DE7 /* Assets.xcassets */,
				2087DEB9297424A600AE9DE7 /* LaunchScreen.storyboard */,
				2087DEBC297424A600AE9DE7 /* Info.plist */,
				2087DEDE2974251F00AE9DE7 /* TahminEkraniVC.swift */,
				2087DEE02974253800AE9DE7 /* SonucEkraniVC.swift */,
			);
			path = SayiTahminUyg;
			sourceTree = "<group>";
		};
		2087DEC4297424A700AE9DE7 /* SayiTahminUygTests */ = {
			isa = PBXGroup;
			children = (
				2087DEC5297424A700AE9DE7 /* SayiTahminUygTests.swift */,
			);
			path = SayiTahminUygTests;
			sourceTree = "<group>";
		};
		2087DECE297424A700AE9DE7 /* SayiTahminUygUITests */ = {
			isa = PBXGroup;
			children = (
				2087DECF297424A700AE9DE7 /* SayiTahminUygUITests.swift */,
				2087DED1297424A700AE9DE7 /* SayiTahminUygUITestsLaunchTests.swift */,
			);
			path = SayiTahminUygUITests;
			sourceTree = "<group>";
		};
/* End PBXGroup section */

/* Begin PBXNativeTarget section */
		2087DEAA297424A300AE9DE7 /* SayiTahminUyg */ = {
			isa = PBXNativeTarget;
			buildConfigurationList = 2087DED5297424A700AE9DE7 /* Build configuration list for PBXNativeTarget "SayiTahminUyg" */;
			buildPhases = (
				2087DEA7297424A300AE9DE7 /* Sources */,
				2087DEA8297424A300AE9DE7 /* Frameworks */,
				2087DEA9297424A300AE9DE7 /* Resources */,
			);
			buildRules = (
			);
			dependencies = (
			);
			name = SayiTahminUyg;
			productName = SayiTahminUyg;
			productReference = 2087DEAB297424A300AE9DE7 /* SayiTahminUyg.app */;
			productType = "com.apple.product-type.application";
		};
		2087DEC0297424A700AE9DE7 /* SayiTahminUygTests */ = {
			isa = PBXNativeTarget;
			buildConfigurationList = 2087DED8297424A700AE9DE7 /* Build configuration list for PBXNativeTarget "SayiTahminUygTests" */;
			buildPhases = (
				2087DEBD297424A700AE9DE7 /* Sources */,
				2087DEBE297424A700AE9DE7 /* Frameworks */,
				2087DEBF297424A700AE9DE7 /* Resources */,
			);
			buildRules = (
			);
			dependencies = (
				2087DEC3297424A700AE9DE7 /* PBXTargetDependency */,
			);
			name = SayiTahminUygTests;
			productName = SayiTahminUygTests;
			productReference = 2087DEC1297424A700AE9DE7 /* SayiTahminUygTests.xctest */;
			productType = "com.apple.product-type.bundle.unit-test";
		};
		2087DECA297424A700AE9DE7 /* SayiTahminUygUITests */ = {
			isa = PBXNativeTarget;
			buildConfigurationList = 2087DEDB297424A700AE9DE7 /* Build configuration list for PBXNativeTarget "SayiTahminUygUITests" */;
			buildPhases = (
				2087DEC7297424A700AE9DE7 /* Sources */,
				2087DEC8297424A700AE9DE7 /* Frameworks */,
				2087DEC9297424A700AE9DE7 /* Resources */,
			);
			buildRules = (
			);
			dependencies = (
				2087DECD297424A700AE9DE7 /* PBXTargetDependency */,
			);
			name = SayiTahminUygUITests;
			productName = SayiTahminUygUITests;
			productReference = 2087DECB297424A700AE9DE7 /* SayiTahminUygUITests.xctest */;
			productType = "com.apple.product-type.bundle.ui-testing";
		};
/* End PBXNativeTarget section */

/* Begin PBXProject section */
		2087DEA3297424A300AE9DE7 /* Project object */ = {
			isa = PBXProject;
			attributes = {
				BuildIndependentTargetsInParallel = 1;
				LastSwiftUpdateCheck = 1420;
				LastUpgradeCheck = 1420;
				TargetAttributes = {
					2087DEAA297424A300AE9DE7 = {
						CreatedOnToolsVersion = 14.2;
					};
					2087DEC0297424A700AE9DE7 = {
						CreatedOnToolsVersion = 14.2;
						TestTargetID = 2087DEAA297424A300AE9DE7;
					};
					2087DECA297424A700AE9DE7 = {
						CreatedOnToolsVersion = 14.2;
						TestTargetID = 2087DEAA297424A300AE9DE7;
					};
				};
			};
			buildConfigurationList = 2087DEA6297424A300AE9DE7 /* Build configuration list for PBXProject "SayiTahminUyg" */;
			compatibilityVersion = "Xcode 14.0";
			developmentRegion = en;
			hasScannedForEncodings = 0;
			knownRegions = (
				en,
				Base,
			);
			mainGroup = 2087DEA2297424A300AE9DE7;
			productRefGroup = 2087DEAC297424A300AE9DE7 /* Products */;
			projectDirPath = "";
			projectRoot = "";
			targets = (
				2087DEAA297424A300AE9DE7 /* SayiTahminUyg */,
				2087DEC0297424A700AE9DE7 /* SayiTahminUygTests */,
				2087DECA297424A700AE9DE7 /* SayiTahminUygUITests */,
			);
		};
/* End PBXProject section */

/* Begin PBXResourcesBuildPhase section */
		2087DEA9297424A300AE9DE7 /* Resources */ = {
			isa = PBXResourcesBuildPhase;
			buildActionMask = 2147483647;
			files = (
				2087DEBB297424A600AE9DE7 /* LaunchScreen.storyboard in Resources */,
				2087DEB8297424A600AE9DE7 /* Assets.xcassets in Resources */,
				2087DEB6297424A300AE9DE7 /* Main.storyboard in Resources */,
			);
			runOnlyForDeploymentPostprocessing = 0;
		};
		2087DEBF297424A700AE9DE7 /* Resources */ = {
			isa = PBXResourcesBuildPhase;
			buildActionMask = 2147483647;
			files = (
			);
			runOnlyForDeploymentPostprocessing = 0;
		};
		2087DEC9297424A700AE9DE7 /* Resources */ = {
			isa = PBXResourcesBuildPhase;
			buildActionMask = 2147483647;
			files = (
			);
			runOnlyForDeploymentPostprocessing = 0;
		};
/* End PBXResourcesBuildPhase section */

/* Begin PBXSourcesBuildPhase section */
		2087DEA7297424A300AE9DE7 /* Sources */ = {
			isa = PBXSourcesBuildPhase;
			buildActionMask = 2147483647;
			files = (
				2087DEE12974253800AE9DE7 /* SonucEkraniVC.swift in Sources */,
				2087DEB3297424A300AE9DE7 /* ViewController.swift in Sources */,
				2087DEAF297424A300AE9DE7 /* AppDelegate.swift in Sources */,
				2087DEB1297424A300AE9DE7 /* SceneDelegate.swift in Sources */,
				2087DEDF2974251F00AE9DE7 /* TahminEkraniVC.swift in Sources */,
			);
			runOnlyForDeploymentPostprocessing = 0;
		};
		2087DEBD297424A700AE9DE7 /* Sources */ = {
			isa = PBXSourcesBuildPhase;
			buildActionMask = 2147483647;
			files = (
				2087DEC6297424A700AE9DE7 /* SayiTahminUygTests.swift in Sources */,
			);
			runOnlyForDeploymentPostprocessing = 0;
		};
		2087DEC7297424A700AE9DE7 /* Sources */ = {
			isa = PBXSourcesBuildPhase;
			buildActionMask = 2147483647;
			files = (
				2087DED0297424A700AE9DE7 /* SayiTahminUygUITests.swift in Sources */,
				2087DED2297424A700AE9DE7 /* SayiTahminUygUITestsLaunchTests.swift in Sources */,
			);
			runOnlyForDeploymentPostprocessing = 0;
		};
/* End PBXSourcesBuildPhase section */

/* Begin PBXTargetDependency section */
		2087DEC3297424A700AE9DE7 /* PBXTargetDependency */ = {
			isa = PBXTargetDependency;
			target = 2087DEAA297424A300AE9DE7 /* SayiTahminUyg */;
			targetProxy = 2087DEC2297424A700AE9DE7 /* PBXContainerItemProxy */;
		};
		2087DECD297424A700AE9DE7 /* PBXTargetDependency */ = {
			isa = PBXTargetDependency;
			target = 2087DEAA297424A300AE9DE7 /* SayiTahminUyg */;
			targetProxy = 2087DECC297424A700AE9DE7 /* PBXContainerItemProxy */;
		};
/* End PBXTargetDependency section */

/* Begin PBXVariantGroup section */
		2087DEB4297424A300AE9DE7 /* Main.storyboard */ = {
			isa = PBXVariantGroup;
			children = (
				2087DEB5297424A300AE9DE7 /* Base */,
			);
			name = Main.storyboard;
			sourceTree = "<group>";
		};
		2087DEB9297424A600AE9DE7 /* LaunchScreen.storyboard */ = {
			isa = PBXVariantGroup;
			children = (
				2087DEBA297424A600AE9DE7 /* Base */,
			);
			name = LaunchScreen.storyboard;
			sourceTree = "<group>";
		};
/* End PBXVariantGroup section */

/* Begin XCBuildConfiguration section */
		2087DED3297424A700AE9DE7 /* Debug */ = {
			isa = XCBuildConfiguration;
			buildSettings = {
				ALWAYS_SEARCH_USER_PATHS = NO;
				CLANG_ANALYZER_NONNULL = YES;
				CLANG_ANALYZER_NUMBER_OBJECT_CONVERSION = YES_AGGRESSIVE;
				CLANG_CXX_LANGUAGE_STANDARD = "gnu++20";
				CLANG_ENABLE_MODULES = YES;
				CLANG_ENABLE_OBJC_ARC = YES;
				CLANG_ENABLE_OBJC_WEAK = YES;
				CLANG_WARN_BLOCK_CAPTURE_AUTORELEASING = YES;
				CLANG_WARN_BOOL_CONVERSION = YES;
				CLANG_WARN_COMMA = YES;
				CLANG_WARN_CONSTANT_CONVERSION = YES;
				CLANG_WARN_DEPRECATED_OBJC_IMPLEMENTATIONS = YES;
				CLANG_WARN_DIRECT_OBJC_ISA_USAGE = YES_ERROR;
				CLANG_WARN_DOCUMENTATION_COMMENTS = YES;
				CLANG_WARN_EMPTY_BODY = YES;
				CLANG_WARN_ENUM_CONVERSION = YES;
				CLANG_WARN_INFINITE_RECURSION = YES;
				CLANG_WARN_INT_CONVERSION = YES;
				CLANG_WARN_NON_LITERAL_NULL_CONVERSION = YES;
				CLANG_WARN_OBJC_IMPLICIT_RETAIN_SELF = YES;
				CLANG_WARN_OBJC_LITERAL_CONVERSION = YES;
				CLANG_WARN_OBJC_ROOT_CLASS = YES_ERROR;
				CLANG_WARN_QUOTED_INCLUDE_IN_FRAMEWORK_HEADER = YES;
				CLANG_WARN_RANGE_LOOP_ANALYSIS = YES;
				CLANG_WARN_STRICT_PROTOTYPES = YES;
				CLANG_WARN_SUSPICIOUS_MOVE = YES;
				CLANG_WARN_UNGUARDED_AVAILABILITY = YES_AGGRESSIVE;
				CLANG_WARN_UNREACHABLE_CODE = YES;
				CLANG_WARN__DUPLICATE_METHOD_MATCH = YES;
				COPY_PHASE_STRIP = NO;
				DEBUG_INFORMATION_FORMAT = dwarf;
				ENABLE_STRICT_OBJC_MSGSEND = YES;
				ENABLE_TESTABILITY = YES;
				GCC_C_LANGUAGE_STANDARD = gnu11;
				GCC_DYNAMIC_NO_PIC = NO;
				GCC_NO_COMMON_BLOCKS = YES;
				GCC_OPTIMIZATION_LEVEL = 0;
				GCC_PREPROCESSOR_DEFINITIONS = (
					"DEBUG=1",
					"$(inherited)",
				);
				GCC_WARN_64_TO_32_BIT_CONVERSION = YES;
				GCC_WARN_ABOUT_RETURN_TYPE = YES_ERROR;
				GCC_WARN_UNDECLARED_SELECTOR = YES;
				GCC_WARN_UNINITIALIZED_AUTOS = YES_AGGRESSIVE;
				GCC_WARN_UNUSED_FUNCTION = YES;
				GCC_WARN_UNUSED_VARIABLE = YES;
				IPHONEOS_DEPLOYMENT_TARGET = 16.2;
				MTL_ENABLE_DEBUG_INFO = INCLUDE_SOURCE;
				MTL_FAST_MATH = YES;
				ONLY_ACTIVE_ARCH = YES;
				SDKROOT = iphoneos;
				SWIFT_ACTIVE_COMPILATION_CONDITIONS = DEBUG;
				SWIFT_OPTIMIZATION_LEVEL = "-Onone";
			};
			name = Debug;
		};
		2087DED4297424A700AE9DE7 /* Release */ = {
			isa = XCBuildConfiguration;
			buildSettings = {
				ALWAYS_SEARCH_USER_PATHS = NO;
				CLANG_ANALYZER_NONNULL = YES;
				CLANG_ANALYZER_NUMBER_OBJECT_CONVERSION = YES_AGGRESSIVE;
				CLANG_CXX_LANGUAGE_STANDARD = "gnu++20";
				CLANG_ENABLE_MODULES = YES;
				CLANG_ENABLE_OBJC_ARC = YES;
				CLANG_ENABLE_OBJC_WEAK = YES;
				CLANG_WARN_BLOCK_CAPTURE_AUTORELEASING = YES;
				CLANG_WARN_BOOL_CONVERSION = YES;
				CLANG_WARN_COMMA = YES;
				CLANG_WARN_CONSTANT_CONVERSION = YES;
				CLANG_WARN_DEPRECATED_OBJC_IMPLEMENTATIONS = YES;
				CLANG_WARN_DIRECT_OBJC_ISA_USAGE = YES_ERROR;
				CLANG_WARN_DOCUMENTATION_COMMENTS = YES;
				CLANG_WARN_EMPTY_BODY = YES;
				CLANG_WARN_ENUM_CONVERSION = YES;
				CLANG_WARN_INFINITE_RECURSION = YES;
				CLANG_WARN_INT_CONVERSION = YES;
				CLANG_WARN_NON_LITERAL_NULL_CONVERSION = YES;
				CLANG_WARN_OBJC_IMPLICIT_RETAIN_SELF = YES;
				CLANG_WARN_OBJC_LITERAL_CONVERSION = YES;
				CLANG_WARN_OBJC_ROOT_CLASS = YES_ERROR;
				CLANG_WARN_QUOTED_INCLUDE_IN_FRAMEWORK_HEADER = YES;
				CLANG_WARN_RANGE_LOOP_ANALYSIS = YES;
				CLANG_WARN_STRICT_PROTOTYPES = YES;
				CLANG_WARN_SUSPICIOUS_MOVE = YES;
				CLANG_WARN_UNGUARDED_AVAILABILITY = YES_AGGRESSIVE;
				CLANG_WARN_UNREACHABLE_CODE = YES;
				CLANG_WARN__DUPLICATE_METHOD_MATCH = YES;
				COPY_PHASE_STRIP = NO;
				DEBUG_INFORMATION_FORMAT = "dwarf-with-dsym";
				ENABLE_NS_ASSERTIONS = NO;
				ENABLE_STRICT_OBJC_MSGSEND = YES;
				GCC_C_LANGUAGE_STANDARD = gnu11;
				GCC_NO_COMMON_BLOCKS = YES;
				GCC_WARN_64_TO_32_BIT_CONVERSION = YES;
				GCC_WARN_ABOUT_RETURN_TYPE = YES_ERROR;
				GCC_WARN_UNDECLARED_SELECTOR = YES;
				GCC_WARN_UNINITIALIZED_AUTOS = YES_AGGRESSIVE;
				GCC_WARN_UNUSED_FUNCTION = YES;
				GCC_WARN_UNUSED_VARIABLE = YES;
				IPHONEOS_DEPLOYMENT_TARGET = 16.2;
				MTL_ENABLE_DEBUG_INFO = NO;
				MTL_FAST_MATH = YES;
				SDKROOT = iphoneos;
				SWIFT_COMPILATION_MODE = wholemodule;
				SWIFT_OPTIMIZATION_LEVEL = "-O";
				VALIDATE_PRODUCT = YES;
			};
			name = Release;
		};
		2087DED6297424A700AE9DE7 /* Debug */ = {
			isa = XCBuildConfiguration;
			buildSettings = {
				ASSETCATALOG_COMPILER_APPICON_NAME = AppIcon;
				ASSETCATALOG_COMPILER_GLOBAL_ACCENT_COLOR_NAME = AccentColor;
				CODE_SIGN_STYLE = Automatic;
				CURRENT_PROJECT_VERSION = 1;
				GENERATE_INFOPLIST_FILE = YES;
				INFOPLIST_FILE = SayiTahminUyg/Info.plist;
				INFOPLIST_KEY_UIApplicationSupportsIndirectInputEvents = YES;
				INFOPLIST_KEY_UILaunchStoryboardName = LaunchScreen;
				INFOPLIST_KEY_UIMainStoryboardFile = Main;
				INFOPLIST_KEY_UISupportedInterfaceOrientations_iPad = "UIInterfaceOrientationPortrait UIInterfaceOrientationPortraitUpsideDown UIInterfaceOrientationLandscapeLeft UIInterfaceOrientationLandscapeRight";
				INFOPLIST_KEY_UISupportedInterfaceOrientations_iPhone = "UIInterfaceOrientationPortrait UIInterfaceOrientationLandscapeLeft UIInterfaceOrientationLandscapeRight";
				LD_RUNPATH_SEARCH_PATHS = (
					"$(inherited)",
					"@executable_path/Frameworks",
				);
				MARKETING_VERSION = 1.0;
				PRODUCT_BUNDLE_IDENTIFIER = "-.SayiTahminUyg";
				PRODUCT_NAME = "$(TARGET_NAME)";
				SWIFT_EMIT_LOC_STRINGS = YES;
				SWIFT_VERSION = 5.0;
				TARGETED_DEVICE_FAMILY = "1,2";
			};
			name = Debug;
		};
		2087DED7297424A700AE9DE7 /* Release */ = {
			isa = XCBuildConfiguration;
			buildSettings = {
				ASSETCATALOG_COMPILER_APPICON_NAME = AppIcon;
				ASSETCATALOG_COMPILER_GLOBAL_ACCENT_COLOR_NAME = AccentColor;
				CODE_SIGN_STYLE = Automatic;
				CURRENT_PROJECT_VERSION = 1;
				GENERATE_INFOPLIST_FILE = YES;
				INFOPLIST_FILE = SayiTahminUyg/Info.plist;
				INFOPLIST_KEY_UIApplicationSupportsIndirectInputEvents = YES;
				INFOPLIST_KEY_UILaunchStoryboardName = LaunchScreen;
				INFOPLIST_KEY_UIMainStoryboardFile = Main;
				INFOPLIST_KEY_UISupportedInterfaceOrientations_iPad = "UIInterfaceOrientationPortrait UIInterfaceOrientationPortraitUpsideDown UIInterfaceOrientationLandscapeLeft UIInterfaceOrientationLandscapeRight";
				INFOPLIST_KEY_UISupportedInterfaceOrientations_iPhone = "UIInterfaceOrientationPortrait UIInterfaceOrientationLandscapeLeft UIInterfaceOrientationLandscapeRight";
				LD_RUNPATH_SEARCH_PATHS = (
					"$(inherited)",
					"@executable_path/Frameworks",
				);
				MARKETING_VERSION = 1.0;
				PRODUCT_BUNDLE_IDENTIFIER = "-.SayiTahminUyg";
				PRODUCT_NAME = "$(TARGET_NAME)";
				SWIFT_EMIT_LOC_STRINGS = YES;
				SWIFT_VERSION = 5.0;
				TARGETED_DEVICE_FAMILY = "1,2";
			};
			name = Release;
		};
		2087DED9297424A700AE9DE7 /* Debug */ = {
			isa = XCBuildConfiguration;
			buildSettings = {
				ALWAYS_EMBED_SWIFT_STANDARD_LIBRARIES = YES;
				BUNDLE_LOADER = "$(TEST_HOST)";
				CODE_SIGN_STYLE = Automatic;
				CURRENT_PROJECT_VERSION = 1;
				GENERATE_INFOPLIST_FILE = YES;
				IPHONEOS_DEPLOYMENT_TARGET = 16.2;
				MARKETING_VERSION = 1.0;
				PRODUCT_BUNDLE_IDENTIFIER = "-.SayiTahminUygTests";
				PRODUCT_NAME = "$(TARGET_NAME)";
				SWIFT_EMIT_LOC_STRINGS = NO;
				SWIFT_VERSION = 5.0;
				TARGETED_DEVICE_FAMILY = "1,2";
				TEST_HOST = "$(BUILT_PRODUCTS_DIR)/SayiTahminUyg.app/$(BUNDLE_EXECUTABLE_FOLDER_PATH)/SayiTahminUyg";
			};
			name = Debug;
		};
		2087DEDA297424A700AE9DE7 /* Release */ = {
			isa = XCBuildConfiguration;
			buildSettings = {
				ALWAYS_EMBED_SWIFT_STANDARD_LIBRARIES = YES;
				BUNDLE_LOADER = "$(TEST_HOST)";
				CODE_SIGN_STYLE = Automatic;
				CURRENT_PROJECT_VERSION = 1;
				GENERATE_INFOPLIST_FILE = YES;
				IPHONEOS_DEPLOYMENT_TARGET = 16.2;
				MARKETING_VERSION = 1.0;
				PRODUCT_BUNDLE_IDENTIFIER = "-.SayiTahminUygTests";
				PRODUCT_NAME = "$(TARGET_NAME)";
				SWIFT_EMIT_LOC_STRINGS = NO;
				SWIFT_VERSION = 5.0;
				TARGETED_DEVICE_FAMILY = "1,2";
				TEST_HOST = "$(BUILT_PRODUCTS_DIR)/SayiTahminUyg.app/$(BUNDLE_EXECUTABLE_FOLDER_PATH)/SayiTahminUyg";
			};
			name = Release;
		};
		2087DEDC297424A700AE9DE7 /* Debug */ = {
			isa = XCBuildConfiguration;
			buildSettings = {
				ALWAYS_EMBED_SWIFT_STANDARD_LIBRARIES = YES;
				CODE_SIGN_STYLE = Automatic;
				CURRENT_PROJECT_VERSION = 1;
				GENERATE_INFOPLIST_FILE = YES;
				MARKETING_VERSION = 1.0;
				PRODUCT_BUNDLE_IDENTIFIER = "-.SayiTahminUygUITests";
				PRODUCT_NAME = "$(TARGET_NAME)";
				SWIFT_EMIT_LOC_STRINGS = NO;
				SWIFT_VERSION = 5.0;
				TARGETED_DEVICE_FAMILY = "1,2";
				TEST_TARGET_NAME = SayiTahminUyg;
			};
			name = Debug;
		};
		2087DEDD297424A700AE9DE7 /* Release */ = {
			isa = XCBuildConfiguration;
			buildSettings = {
				ALWAYS_EMBED_SWIFT_STANDARD_LIBRARIES = YES;
				CODE_SIGN_STYLE = Automatic;
				CURRENT_PROJECT_VERSION = 1;
				GENERATE_INFOPLIST_FILE = YES;
				MARKETING_VERSION = 1.0;
				PRODUCT_BUNDLE_IDENTIFIER = "-.SayiTahminUygUITests";
				PRODUCT_NAME = "$(TARGET_NAME)";
				SWIFT_EMIT_LOC_STRINGS = NO;
				SWIFT_VERSION = 5.0;
				TARGETED_DEVICE_FAMILY = "1,2";
				TEST_TARGET_NAME = SayiTahminUyg;
			};
			name = Release;
		};
/* End XCBuildConfiguration section */

/* Begin XCConfigurationList section */
		2087DEA6297424A300AE9DE7 /* Build configuration list for PBXProject "SayiTahminUyg" */ = {
			isa = XCConfigurationList;
			buildConfigurations = (
				2087DED3297424A700AE9DE7 /* Debug */,
				2087DED4297424A700AE9DE7 /* Release */,
			);
			defaultConfigurationIsVisible = 0;
			defaultConfigurationName = Release;
		};
		2087DED5297424A700AE9DE7 /* Build configuration list for PBXNativeTarget "SayiTahminUyg" */ = {
			isa = XCConfigurationList;
			buildConfigurations = (
				2087DED6297424A700AE9DE7 /* Debug */,
				2087DED7297424A700AE9DE7 /* Release */,
			);
			defaultConfigurationIsVisible = 0;
			defaultConfigurationName = Release;
		};
		2087DED8297424A700AE9DE7 /* Build configuration list for PBXNativeTarget "SayiTahminUygTests" */ = {
			isa = XCConfigurationList;
			buildConfigurations = (
				2087DED9297424A700AE9DE7 /* Debug */,
				2087DEDA297424A700AE9DE7 /* Release */,
			);
			defaultConfigurationIsVisible = 0;
			defaultConfigurationName = Release;
		};
		2087DEDB297424A700AE9DE7 /* Build configuration list for PBXNativeTarget "SayiTahminUygUITests" */ = {
			isa = XCConfigurationList;
			buildConfigurations = (
				2087DEDC297424A700AE9DE7 /* Debug */,
				2087DEDD297424A700AE9DE7 /* Release */,
			);
			defaultConfigurationIsVisible = 0;
			defaultConfigurationName = Release;
		};
/* End XCConfigurationList section */
	};
	rootObject = 2087DEA3297424A300AE9DE7 /* Project object */;
}
